// !$*UTF8*$!
{
	archiveVersion = 1;
	classes = {
	};
	objectVersion = 50;
	objects = {

/* Begin PBXBuildFile section */
		B86908052483BFDC00214F82 /* Assignment.swift in Sources */ = {isa = PBXBuildFile; fileRef = B86908042483BFDC00214F82 /* Assignment.swift */; };
		B86908072483C07800214F82 /* AssignmentViewModel.swift in Sources */ = {isa = PBXBuildFile; fileRef = B86908062483C07800214F82 /* AssignmentViewModel.swift */; };
		B8755477247225F5005E2E47 /* AppDelegate.swift in Sources */ = {isa = PBXBuildFile; fileRef = B8755476247225F5005E2E47 /* AppDelegate.swift */; };
		B8755479247225F5005E2E47 /* SceneDelegate.swift in Sources */ = {isa = PBXBuildFile; fileRef = B8755478247225F5005E2E47 /* SceneDelegate.swift */; };
		B875547C247225F5005E2E47 /* Orbital_20.xcdatamodeld in Sources */ = {isa = PBXBuildFile; fileRef = B875547A247225F5005E2E47 /* Orbital_20.xcdatamodeld */; };
		B875547E247225F5005E2E47 /* ContentView.swift in Sources */ = {isa = PBXBuildFile; fileRef = B875547D247225F5005E2E47 /* ContentView.swift */; };
		B8755480247225F8005E2E47 /* Assets.xcassets in Resources */ = {isa = PBXBuildFile; fileRef = B875547F247225F8005E2E47 /* Assets.xcassets */; };
		B8755483247225F8005E2E47 /* Preview Assets.xcassets in Resources */ = {isa = PBXBuildFile; fileRef = B8755482247225F8005E2E47 /* Preview Assets.xcassets */; };
		B8755486247225F8005E2E47 /* LaunchScreen.storyboard in Resources */ = {isa = PBXBuildFile; fileRef = B8755484247225F8005E2E47 /* LaunchScreen.storyboard */; };
/* End PBXBuildFile section */

/* Begin PBXFileReference section */
		B86908042483BFDC00214F82 /* Assignment.swift */ = {isa = PBXFileReference; lastKnownFileType = sourcecode.swift; path = Assignment.swift; sourceTree = "<group>"; };
		B86908062483C07800214F82 /* AssignmentViewModel.swift */ = {isa = PBXFileReference; lastKnownFileType = sourcecode.swift; path = AssignmentViewModel.swift; sourceTree = "<group>"; };
		B8755473247225F5005E2E47 /* Orbital_20.app */ = {isa = PBXFileReference; explicitFileType = wrapper.application; includeInIndex = 0; path = Orbital_20.app; sourceTree = BUILT_PRODUCTS_DIR; };
		B8755476247225F5005E2E47 /* AppDelegate.swift */ = {isa = PBXFileReference; lastKnownFileType = sourcecode.swift; path = AppDelegate.swift; sourceTree = "<group>"; };
		B8755478247225F5005E2E47 /* SceneDelegate.swift */ = {isa = PBXFileReference; lastKnownFileType = sourcecode.swift; path = SceneDelegate.swift; sourceTree = "<group>"; };
		B875547B247225F5005E2E47 /* Orbital_20.xcdatamodel */ = {isa = PBXFileReference; lastKnownFileType = wrapper.xcdatamodel; path = Orbital_20.xcdatamodel; sourceTree = "<group>"; };
		B875547D247225F5005E2E47 /* ContentView.swift */ = {isa = PBXFileReference; lastKnownFileType = sourcecode.swift; path = ContentView.swift; sourceTree = "<group>"; };
		B875547F247225F8005E2E47 /* Assets.xcassets */ = {isa = PBXFileReference; lastKnownFileType = folder.assetcatalog; path = Assets.xcassets; sourceTree = "<group>"; };
		B8755482247225F8005E2E47 /* Preview Assets.xcassets */ = {isa = PBXFileReference; lastKnownFileType = folder.assetcatalog; path = "Preview Assets.xcassets"; sourceTree = "<group>"; };
		B8755485247225F8005E2E47 /* Base */ = {isa = PBXFileReference; lastKnownFileType = file.storyboard; name = Base; path = Base.lproj/LaunchScreen.storyboard; sourceTree = "<group>"; };
		B8755487247225F8005E2E47 /* Info.plist */ = {isa = PBXFileReference; lastKnownFileType = text.plist.xml; path = Info.plist; sourceTree = "<group>"; };
/* End PBXFileReference section */

/* Begin PBXFrameworksBuildPhase section */
		B8755470247225F5005E2E47 /* Frameworks */ = {
			isa = PBXFrameworksBuildPhase;
			buildActionMask = 2147483647;
			files = (
			);
			runOnlyForDeploymentPostprocessing = 0;
		};
/* End PBXFrameworksBuildPhase section */

/* Begin PBXGroup section */
		B86908002483BDCE00214F82 /* Model */ = {
			isa = PBXGroup;
			children = (
				B86908042483BFDC00214F82 /* Assignment.swift */,
			);
			path = Model;
			sourceTree = "<group>";
		};
		B86908082483C07E00214F82 /* ViewModel */ = {
			isa = PBXGroup;
			children = (
				B86908062483C07800214F82 /* AssignmentViewModel.swift */,
			);
			path = ViewModel;
			sourceTree = "<group>";
		};
		B86908092483C09200214F82 /* View */ = {
			isa = PBXGroup;
			children = (
				B875547D247225F5005E2E47 /* ContentView.swift */,
			);
			path = View;
			sourceTree = "<group>";
		};
		B869080A2483C5D600214F82 /* Core Data */ = {
			isa = PBXGroup;
			children = (
			);
			path = "Core Data";
			sourceTree = "<group>";
		};
		B875546A247225F5005E2E47 = {
			isa = PBXGroup;
			children = (
				B8755475247225F5005E2E47 /* Orbital_20 */,
				B8755474247225F5005E2E47 /* Products */,
			);
			sourceTree = "<group>";
		};
		B8755474247225F5005E2E47 /* Products */ = {
			isa = PBXGroup;
			children = (
				B8755473247225F5005E2E47 /* Orbital_20.app */,
			);
			name = Products;
			sourceTree = "<group>";
		};
		B8755475247225F5005E2E47 /* Orbital_20 */ = {
			isa = PBXGroup;
			children = (
				B8755476247225F5005E2E47 /* AppDelegate.swift */,
				B8755478247225F5005E2E47 /* SceneDelegate.swift */,
				B869080A2483C5D600214F82 /* Core Data */,
				B86908092483C09200214F82 /* View */,
				B86908082483C07E00214F82 /* ViewModel */,
				B86908002483BDCE00214F82 /* Model */,
				B875547F247225F8005E2E47 /* Assets.xcassets */,
				B8755484247225F8005E2E47 /* LaunchScreen.storyboard */,
				B8755487247225F8005E2E47 /* Info.plist */,
				B875547A247225F5005E2E47 /* Orbital_20.xcdatamodeld */,
				B8755481247225F8005E2E47 /* Preview Content */,
			);
			path = Orbital_20;
			sourceTree = "<group>";
		};
		B8755481247225F8005E2E47 /* Preview Content */ = {
			isa = PBXGroup;
			children = (
				B8755482247225F8005E2E47 /* Preview Assets.xcassets */,
			);
			path = "Preview Content";
			sourceTree = "<group>";
		};
/* End PBXGroup section */

/* Begin PBXNativeTarget section */
		B8755472247225F5005E2E47 /* Orbital_20 */ = {
			isa = PBXNativeTarget;
			buildConfigurationList = B875548A247225F8005E2E47 /* Build configuration list for PBXNativeTarget "Orbital_20" */;
			buildPhases = (
				B875546F247225F5005E2E47 /* Sources */,
				B8755470247225F5005E2E47 /* Frameworks */,
				B8755471247225F5005E2E47 /* Resources */,
			);
			buildRules = (
			);
			dependencies = (
			);
			name = Orbital_20;
			productName = Orbital_20;
			productReference = B8755473247225F5005E2E47 /* Orbital_20.app */;
			productType = "com.apple.product-type.application";
		};
/* End PBXNativeTarget section */

/* Begin PBXProject section */
		B875546B247225F5005E2E47 /* Project object */ = {
			isa = PBXProject;
			attributes = {
				LastSwiftUpdateCheck = 1140;
				LastUpgradeCheck = 1140;
				ORGANIZATIONNAME = "Jerry Lin";
				TargetAttributes = {
					B8755472247225F5005E2E47 = {
						CreatedOnToolsVersion = 11.4.1;
					};
				};
			};
			buildConfigurationList = B875546E247225F5005E2E47 /* Build configuration list for PBXProject "Orbital_20" */;
			compatibilityVersion = "Xcode 9.3";
			developmentRegion = en;
			hasScannedForEncodings = 0;
			knownRegions = (
				en,
				Base,
			);
			mainGroup = B875546A247225F5005E2E47;
			productRefGroup = B8755474247225F5005E2E47 /* Products */;
			projectDirPath = "";
			projectRoot = "";
			targets = (
				B8755472247225F5005E2E47 /* Orbital_20 */,
			);
		};
/* End PBXProject section */

/* Begin PBXResourcesBuildPhase section */
		B8755471247225F5005E2E47 /* Resources */ = {
			isa = PBXResourcesBuildPhase;
			buildActionMask = 2147483647;
			files = (
				B8755486247225F8005E2E47 /* LaunchScreen.storyboard in Resources */,
				B8755483247225F8005E2E47 /* Preview Assets.xcassets in Resources */,
				B8755480247225F8005E2E47 /* Assets.xcassets in Resources */,
			);
			runOnlyForDeploymentPostprocessing = 0;
		};
/* End PBXResourcesBuildPhase section */

/* Begin PBXSourcesBuildPhase section */
		B875546F247225F5005E2E47 /* Sources */ = {
			isa = PBXSourcesBuildPhase;
			buildActionMask = 2147483647;
			files = (
				B8755477247225F5005E2E47 /* AppDelegate.swift in Sources */,
				B875547C247225F5005E2E47 /* Orbital_20.xcdatamodeld in Sources */,
				B875547E247225F5005E2E47 /* ContentView.swift in Sources */,
				B86908052483BFDC00214F82 /* Assignment.swift in Sources */,
				B8755479247225F5005E2E47 /* SceneDelegate.swift in Sources */,
				B86908072483C07800214F82 /* AssignmentViewModel.swift in Sources */,
			);
			runOnlyForDeploymentPostprocessing = 0;
		};
/* End PBXSourcesBuildPhase section */

/* Begin PBXVariantGroup section */
		B8755484247225F8005E2E47 /* LaunchScreen.storyboard */ = {
			isa = PBXVariantGroup;
			children = (
				B8755485247225F8005E2E47 /* Base */,
			);
			name = LaunchScreen.storyboard;
			sourceTree = "<group>";
		};
/* End PBXVariantGroup section */

/* Begin XCBuildConfiguration section */
		B8755488247225F8005E2E47 /* Debug */ = {
			isa = XCBuildConfiguration;
			buildSettings = {
				ALWAYS_SEARCH_USER_PATHS = NO;
				CLANG_ANALYZER_NONNULL = YES;
				CLANG_ANALYZER_NUMBER_OBJECT_CONVERSION = YES_AGGRESSIVE;
				CLANG_CXX_LANGUAGE_STANDARD = "gnu++14";
				CLANG_CXX_LIBRARY = "libc++";
				CLANG_ENABLE_MODULES = YES;
				CLANG_ENABLE_OBJC_ARC = YES;
				CLANG_ENABLE_OBJC_WEAK = YES;
				CLANG_WARN_BLOCK_CAPTURE_AUTORELEASING = YES;
				CLANG_WARN_BOOL_CONVERSION = YES;
				CLANG_WARN_COMMA = YES;
				CLANG_WARN_CONSTANT_CONVERSION = YES;
				CLANG_WARN_DEPRECATED_OBJC_IMPLEMENTATIONS = YES;
				CLANG_WARN_DIRECT_OBJC_ISA_USAGE = YES_ERROR;
				CLANG_WARN_DOCUMENTATION_COMMENTS = YES;
				CLANG_WARN_EMPTY_BODY = YES;
				CLANG_WARN_ENUM_CONVERSION = YES;
				CLANG_WARN_INFINITE_RECURSION = YES;
				CLANG_WARN_INT_CONVERSION = YES;
				CLANG_WARN_NON_LITERAL_NULL_CONVERSION = YES;
				CLANG_WARN_OBJC_IMPLICIT_RETAIN_SELF = YES;
				CLANG_WARN_OBJC_LITERAL_CONVERSION = YES;
				CLANG_WARN_OBJC_ROOT_CLASS = YES_ERROR;
				CLANG_WARN_RANGE_LOOP_ANALYSIS = YES;
				CLANG_WARN_STRICT_PROTOTYPES = YES;
				CLANG_WARN_SUSPICIOUS_MOVE = YES;
				CLANG_WARN_UNGUARDED_AVAILABILITY = YES_AGGRESSIVE;
				CLANG_WARN_UNREACHABLE_CODE = YES;
				CLANG_WARN__DUPLICATE_METHOD_MATCH = YES;
				COPY_PHASE_STRIP = NO;
				DEBUG_INFORMATION_FORMAT = dwarf;
				ENABLE_STRICT_OBJC_MSGSEND = YES;
				ENABLE_TESTABILITY = YES;
				GCC_C_LANGUAGE_STANDARD = gnu11;
				GCC_DYNAMIC_NO_PIC = NO;
				GCC_NO_COMMON_BLOCKS = YES;
				GCC_OPTIMIZATION_LEVEL = 0;
				GCC_PREPROCESSOR_DEFINITIONS = (
					"DEBUG=1",
					"$(inherited)",
				);
				GCC_WARN_64_TO_32_BIT_CONVERSION = YES;
				GCC_WARN_ABOUT_RETURN_TYPE = YES_ERROR;
				GCC_WARN_UNDECLARED_SELECTOR = YES;
				GCC_WARN_UNINITIALIZED_AUTOS = YES_AGGRESSIVE;
				GCC_WARN_UNUSED_FUNCTION = YES;
				GCC_WARN_UNUSED_VARIABLE = YES;
				IPHONEOS_DEPLOYMENT_TARGET = 13.4;
				MTL_ENABLE_DEBUG_INFO = INCLUDE_SOURCE;
				MTL_FAST_MATH = YES;
				ONLY_ACTIVE_ARCH = YES;
				SDKROOT = iphoneos;
				SWIFT_ACTIVE_COMPILATION_CONDITIONS = DEBUG;
				SWIFT_OPTIMIZATION_LEVEL = "-Onone";
			};
			name = Debug;
		};
		B8755489247225F8005E2E47 /* Release */ = {
			isa = XCBuildConfiguration;
			buildSettings = {
				ALWAYS_SEARCH_USER_PATHS = NO;
				CLANG_ANALYZER_NONNULL = YES;
				CLANG_ANALYZER_NUMBER_OBJECT_CONVERSION = YES_AGGRESSIVE;
				CLANG_CXX_LANGUAGE_STANDARD = "gnu++14";
				CLANG_CXX_LIBRARY = "libc++";
				CLANG_ENABLE_MODULES = YES;
				CLANG_ENABLE_OBJC_ARC = YES;
				CLANG_ENABLE_OBJC_WEAK = YES;
				CLANG_WARN_BLOCK_CAPTURE_AUTORELEASING = YES;
				CLANG_WARN_BOOL_CONVERSION = YES;
				CLANG_WARN_COMMA = YES;
				CLANG_WARN_CONSTANT_CONVERSION = YES;
				CLANG_WARN_DEPRECATED_OBJC_IMPLEMENTATIONS = YES;
				CLANG_WARN_DIRECT_OBJC_ISA_USAGE = YES_ERROR;
				CLANG_WARN_DOCUMENTATION_COMMENTS = YES;
				CLANG_WARN_EMPTY_BODY = YES;
				CLANG_WARN_ENUM_CONVERSION = YES;
				CLANG_WARN_INFINITE_RECURSION = YES;
				CLANG_WARN_INT_CONVERSION = YES;
				CLANG_WARN_NON_LITERAL_NULL_CONVERSION = YES;
				CLANG_WARN_OBJC_IMPLICIT_RETAIN_SELF = YES;
				CLANG_WARN_OBJC_LITERAL_CONVERSION = YES;
				CLANG_WARN_OBJC_ROOT_CLASS = YES_ERROR;
				CLANG_WARN_RANGE_LOOP_ANALYSIS = YES;
				CLANG_WARN_STRICT_PROTOTYPES = YES;
				CLANG_WARN_SUSPICIOUS_MOVE = YES;
				CLANG_WARN_UNGUARDED_AVAILABILITY = YES_AGGRESSIVE;
				CLANG_WARN_UNREACHABLE_CODE = YES;
				CLANG_WARN__DUPLICATE_METHOD_MATCH = YES;
				COPY_PHASE_STRIP = NO;
				DEBUG_INFORMATION_FORMAT = "dwarf-with-dsym";
				ENABLE_NS_ASSERTIONS = NO;
				ENABLE_STRICT_OBJC_MSGSEND = YES;
				GCC_C_LANGUAGE_STANDARD = gnu11;
				GCC_NO_COMMON_BLOCKS = YES;
				GCC_WARN_64_TO_32_BIT_CONVERSION = YES;
				GCC_WARN_ABOUT_RETURN_TYPE = YES_ERROR;
				GCC_WARN_UNDECLARED_SELECTOR = YES;
				GCC_WARN_UNINITIALIZED_AUTOS = YES_AGGRESSIVE;
				GCC_WARN_UNUSED_FUNCTION = YES;
				GCC_WARN_UNUSED_VARIABLE = YES;
				IPHONEOS_DEPLOYMENT_TARGET = 13.4;
				MTL_ENABLE_DEBUG_INFO = NO;
				MTL_FAST_MATH = YES;
				SDKROOT = iphoneos;
				SWIFT_COMPILATION_MODE = wholemodule;
				SWIFT_OPTIMIZATION_LEVEL = "-O";
				VALIDATE_PRODUCT = YES;
			};
			name = Release;
		};
		B875548B247225F8005E2E47 /* Debug */ = {
			isa = XCBuildConfiguration;
			buildSettings = {
				ASSETCATALOG_COMPILER_APPICON_NAME = AppIcon;
				CODE_SIGN_STYLE = Automatic;
				DEVELOPMENT_ASSET_PATHS = "\"Orbital_20/Preview Content\"";
				DEVELOPMENT_TEAM = 863PT8L265;
				ENABLE_PREVIEWS = YES;
				INFOPLIST_FILE = Orbital_20/Info.plist;
				LD_RUNPATH_SEARCH_PATHS = (
					"$(inherited)",
					"@executable_path/Frameworks",
				);
				PRODUCT_BUNDLE_IDENTIFIER = "lgy.Orbital-20";
				PRODUCT_NAME = "$(TARGET_NAME)";
				SWIFT_VERSION = 5.0;
				TARGETED_DEVICE_FAMILY = "1,2";
			};
			name = Debug;
		};
		B875548C247225F8005E2E47 /* Release */ = {
			isa = XCBuildConfiguration;
			buildSettings = {
				ASSETCATALOG_COMPILER_APPICON_NAME = AppIcon;
				CODE_SIGN_STYLE = Automatic;
				DEVELOPMENT_ASSET_PATHS = "\"Orbital_20/Preview Content\"";
				DEVELOPMENT_TEAM = 863PT8L265;
				ENABLE_PREVIEWS = YES;
				INFOPLIST_FILE = Orbital_20/Info.plist;
				LD_RUNPATH_SEARCH_PATHS = (
					"$(inherited)",
					"@executable_path/Frameworks",
				);
				PRODUCT_BUNDLE_IDENTIFIER = "lgy.Orbital-20";
				PRODUCT_NAME = "$(TARGET_NAME)";
				SWIFT_VERSION = 5.0;
				TARGETED_DEVICE_FAMILY = "1,2";
			};
			name = Release;
		};
/* End XCBuildConfiguration section */

/* Begin XCConfigurationList section */
		B875546E247225F5005E2E47 /* Build configuration list for PBXProject "Orbital_20" */ = {
			isa = XCConfigurationList;
			buildConfigurations = (
				B8755488247225F8005E2E47 /* Debug */,
				B8755489247225F8005E2E47 /* Release */,
			);
			defaultConfigurationIsVisible = 0;
			defaultConfigurationName = Release;
		};
		B875548A247225F8005E2E47 /* Build configuration list for PBXNativeTarget "Orbital_20" */ = {
			isa = XCConfigurationList;
			buildConfigurations = (
				B875548B247225F8005E2E47 /* Debug */,
				B875548C247225F8005E2E47 /* Release */,
			);
			defaultConfigurationIsVisible = 0;
			defaultConfigurationName = Release;
		};
/* End XCConfigurationList section */

/* Begin XCVersionGroup section */
		B875547A247225F5005E2E47 /* Orbital_20.xcdatamodeld */ = {
			isa = XCVersionGroup;
			children = (
				B875547B247225F5005E2E47 /* Orbital_20.xcdatamodel */,
			);
			currentVersion = B875547B247225F5005E2E47 /* Orbital_20.xcdatamodel */;
			path = Orbital_20.xcdatamodeld;
			sourceTree = "<group>";
			versionGroupType = wrapper.xcdatamodel;
		};
/* End XCVersionGroup section */
	};
	rootObject = B875546B247225F5005E2E47 /* Project object */;
}
